// !$*UTF8*$!
{
	archiveVersion = 1;
	classes = {
	};
	objectVersion = 46;
	objects = {

/* Begin PBXBuildFile section */
		1880B21B15D22DAE00670DE6 /* Foundation.framework in Frameworks */ = {isa = PBXBuildFile; fileRef = 1880B21A15D22DAE00670DE6 /* Foundation.framework */; };
		1880B27315D231C500670DE6 /* CooperCore-Prefix.pch in Headers */ = {isa = PBXBuildFile; fileRef = 1880B27215D231C500670DE6 /* CooperCore-Prefix.pch */; settings = {ATTRIBUTES = (); }; };
		1880B2C215D23A7A00670DE6 /* ContextManager.h in Headers */ = {isa = PBXBuildFile; fileRef = 1880B2C015D23A7A00670DE6 /* ContextManager.h */; settings = {ATTRIBUTES = (Public, ); }; };
		1880B2C315D23A7A00670DE6 /* ContextManager.m in Sources */ = {isa = PBXBuildFile; fileRef = 1880B2C115D23A7A00670DE6 /* ContextManager.m */; };
		1891A62815D26A7300C7E8DA /* Constant.h in Headers */ = {isa = PBXBuildFile; fileRef = 1891A62415D26A7300C7E8DA /* Constant.h */; settings = {ATTRIBUTES = (Public, ); }; };
		1891A62915D26A7300C7E8DA /* Constant.m in Sources */ = {isa = PBXBuildFile; fileRef = 1891A62515D26A7300C7E8DA /* Constant.m */; };
		1891A62A15D26A7300C7E8DA /* SysConfig.h in Headers */ = {isa = PBXBuildFile; fileRef = 1891A62615D26A7300C7E8DA /* SysConfig.h */; settings = {ATTRIBUTES = (Public, ); }; };
		1891A62B15D26A7300C7E8DA /* SysConfig.m in Sources */ = {isa = PBXBuildFile; fileRef = 1891A62715D26A7300C7E8DA /* SysConfig.m */; };
		18A92D9315D2E5D600423A55 /* ChangeLog.h in Headers */ = {isa = PBXBuildFile; fileRef = 18A92D8B15D2E5D600423A55 /* ChangeLog.h */; settings = {ATTRIBUTES = (Public, ); }; };
		18A92D9415D2E5D600423A55 /* ChangeLog.m in Sources */ = {isa = PBXBuildFile; fileRef = 18A92D8C15D2E5D600423A55 /* ChangeLog.m */; };
		18A92D9515D2E5D600423A55 /* Task.h in Headers */ = {isa = PBXBuildFile; fileRef = 18A92D8D15D2E5D600423A55 /* Task.h */; settings = {ATTRIBUTES = (Public, ); }; };
		18A92D9615D2E5D600423A55 /* Task.m in Sources */ = {isa = PBXBuildFile; fileRef = 18A92D8E15D2E5D600423A55 /* Task.m */; };
		18A92D9715D2E5D600423A55 /* TaskIdx.h in Headers */ = {isa = PBXBuildFile; fileRef = 18A92D8F15D2E5D600423A55 /* TaskIdx.h */; settings = {ATTRIBUTES = (Public, ); }; };
		18A92D9815D2E5D600423A55 /* TaskIdx.m in Sources */ = {isa = PBXBuildFile; fileRef = 18A92D9015D2E5D600423A55 /* TaskIdx.m */; };
		18A92D9915D2E5D600423A55 /* Tasklist.h in Headers */ = {isa = PBXBuildFile; fileRef = 18A92D9115D2E5D600423A55 /* Tasklist.h */; settings = {ATTRIBUTES = (Public, ); }; };
		18A92D9A15D2E5D600423A55 /* Tasklist.m in Sources */ = {isa = PBXBuildFile; fileRef = 18A92D9215D2E5D600423A55 /* Tasklist.m */; };
		18A92DC015D2EDC200423A55 /* ModelHelper.h in Headers */ = {isa = PBXBuildFile; fileRef = 18A92DBE15D2EDC200423A55 /* ModelHelper.h */; settings = {ATTRIBUTES = (Public, ); }; };
		18A92DC115D2EDC200423A55 /* ModelHelper.m in Sources */ = {isa = PBXBuildFile; fileRef = 18A92DBF15D2EDC200423A55 /* ModelHelper.m */; };
		6A18E55B16032A0000ED2042 /* Comment.h in Headers */ = {isa = PBXBuildFile; fileRef = 6A18E55116032A0000ED2042 /* Comment.h */; settings = {ATTRIBUTES = (Public, ); }; };
		6A18E55C16032A0000ED2042 /* Comment.m in Sources */ = {isa = PBXBuildFile; fileRef = 6A18E55216032A0000ED2042 /* Comment.m */; };
		6A18E55D16032A0000ED2042 /* Project.h in Headers */ = {isa = PBXBuildFile; fileRef = 6A18E55316032A0000ED2042 /* Project.h */; settings = {ATTRIBUTES = (Public, ); }; };
		6A18E55E16032A0000ED2042 /* Project.m in Sources */ = {isa = PBXBuildFile; fileRef = 6A18E55416032A0000ED2042 /* Project.m */; };
		6A18E56116032A0000ED2042 /* Team.h in Headers */ = {isa = PBXBuildFile; fileRef = 6A18E55716032A0000ED2042 /* Team.h */; settings = {ATTRIBUTES = (Public, ); }; };
		6A18E56216032A0000ED2042 /* Team.m in Sources */ = {isa = PBXBuildFile; fileRef = 6A18E55816032A0000ED2042 /* Team.m */; };
		6A18E56316032A0000ED2042 /* TeamMember.h in Headers */ = {isa = PBXBuildFile; fileRef = 6A18E55916032A0000ED2042 /* TeamMember.h */; settings = {ATTRIBUTES = (Public, ); }; };
		6A18E56416032A0000ED2042 /* TeamMember.m in Sources */ = {isa = PBXBuildFile; fileRef = 6A18E55A16032A0000ED2042 /* TeamMember.m */; };
		6A84F29C16070AAC000B62CB /* Tag.h in Headers */ = {isa = PBXBuildFile; fileRef = 6A84F29A16070AAC000B62CB /* Tag.h */; settings = {ATTRIBUTES = (Public, ); }; };
		6A84F29D16070AAC000B62CB /* Tag.m in Sources */ = {isa = PBXBuildFile; fileRef = 6A84F29B16070AAC000B62CB /* Tag.m */; };
/* End PBXBuildFile section */

/* Begin PBXContainerItemProxy section */
		1891A5E515D2571800C7E8DA /* PBXContainerItemProxy */ = {
			isa = PBXContainerItemProxy;
			containerPortal = 1891A5E115D2571700C7E8DA /* CodesharpSDK.xcodeproj */;
			proxyType = 2;
			remoteGlobalIDString = 1880B16415D229B000670DE6;
			remoteInfo = CodesharpSDK;
		};
		1891A5E915D258FD00C7E8DA /* PBXContainerItemProxy */ = {
			isa = PBXContainerItemProxy;
			containerPortal = 1891A5E115D2571700C7E8DA /* CodesharpSDK.xcodeproj */;
			proxyType = 1;
			remoteGlobalIDString = 1880B16315D229B000670DE6;
			remoteInfo = CodesharpSDK;
		};
/* End PBXContainerItemProxy section */

/* Begin PBXFileReference section */
		1880B21715D22DAE00670DE6 /* libCooperCore.a */ = {isa = PBXFileReference; explicitFileType = archive.ar; includeInIndex = 0; path = libCooperCore.a; sourceTree = BUILT_PRODUCTS_DIR; };
		1880B21A15D22DAE00670DE6 /* Foundation.framework */ = {isa = PBXFileReference; lastKnownFileType = wrapper.framework; name = Foundation.framework; path = System/Library/Frameworks/Foundation.framework; sourceTree = SDKROOT; };
		1880B27215D231C500670DE6 /* CooperCore-Prefix.pch */ = {isa = PBXFileReference; fileEncoding = 4; lastKnownFileType = sourcecode.c.h; name = "CooperCore-Prefix.pch"; path = "Sources/CooperCore-Prefix.pch"; sourceTree = "<group>"; };
		1880B2C015D23A7A00670DE6 /* ContextManager.h */ = {isa = PBXFileReference; fileEncoding = 4; lastKnownFileType = sourcecode.c.h; name = ContextManager.h; path = Sources/Contexts/ContextManager.h; sourceTree = "<group>"; };
		1880B2C115D23A7A00670DE6 /* ContextManager.m */ = {isa = PBXFileReference; fileEncoding = 4; lastKnownFileType = sourcecode.c.objc; name = ContextManager.m; path = Sources/Contexts/ContextManager.m; sourceTree = "<group>"; };
		1891A5E115D2571700C7E8DA /* CodesharpSDK.xcodeproj */ = {isa = PBXFileReference; lastKnownFileType = "wrapper.pb-project"; name = CodesharpSDK.xcodeproj; path = ../../lib/CodesharpSDK/CodesharpSDK.xcodeproj; sourceTree = "<group>"; };
		1891A62415D26A7300C7E8DA /* Constant.h */ = {isa = PBXFileReference; fileEncoding = 4; lastKnownFileType = sourcecode.c.h; name = Constant.h; path = Sources/Utils/Constant.h; sourceTree = "<group>"; };
		1891A62515D26A7300C7E8DA /* Constant.m */ = {isa = PBXFileReference; fileEncoding = 4; lastKnownFileType = sourcecode.c.objc; name = Constant.m; path = Sources/Utils/Constant.m; sourceTree = "<group>"; };
		1891A62615D26A7300C7E8DA /* SysConfig.h */ = {isa = PBXFileReference; fileEncoding = 4; lastKnownFileType = sourcecode.c.h; name = SysConfig.h; path = Sources/Utils/SysConfig.h; sourceTree = "<group>"; };
		1891A62715D26A7300C7E8DA /* SysConfig.m */ = {isa = PBXFileReference; fileEncoding = 4; lastKnownFileType = sourcecode.c.objc; name = SysConfig.m; path = Sources/Utils/SysConfig.m; sourceTree = "<group>"; };
		18A92D8B15D2E5D600423A55 /* ChangeLog.h */ = {isa = PBXFileReference; fileEncoding = 4; lastKnownFileType = sourcecode.c.h; name = ChangeLog.h; path = Sources/Models/ChangeLog.h; sourceTree = "<group>"; };
		18A92D8C15D2E5D600423A55 /* ChangeLog.m */ = {isa = PBXFileReference; fileEncoding = 4; lastKnownFileType = sourcecode.c.objc; name = ChangeLog.m; path = Sources/Models/ChangeLog.m; sourceTree = "<group>"; };
		18A92D8D15D2E5D600423A55 /* Task.h */ = {isa = PBXFileReference; fileEncoding = 4; lastKnownFileType = sourcecode.c.h; name = Task.h; path = Sources/Models/Task.h; sourceTree = "<group>"; };
		18A92D8E15D2E5D600423A55 /* Task.m */ = {isa = PBXFileReference; fileEncoding = 4; lastKnownFileType = sourcecode.c.objc; name = Task.m; path = Sources/Models/Task.m; sourceTree = "<group>"; };
		18A92D8F15D2E5D600423A55 /* TaskIdx.h */ = {isa = PBXFileReference; fileEncoding = 4; lastKnownFileType = sourcecode.c.h; name = TaskIdx.h; path = Sources/Models/TaskIdx.h; sourceTree = "<group>"; };
		18A92D9015D2E5D600423A55 /* TaskIdx.m */ = {isa = PBXFileReference; fileEncoding = 4; lastKnownFileType = sourcecode.c.objc; name = TaskIdx.m; path = Sources/Models/TaskIdx.m; sourceTree = "<group>"; };
		18A92D9115D2E5D600423A55 /* Tasklist.h */ = {isa = PBXFileReference; fileEncoding = 4; lastKnownFileType = sourcecode.c.h; name = Tasklist.h; path = Sources/Models/Tasklist.h; sourceTree = "<group>"; };
		18A92D9215D2E5D600423A55 /* Tasklist.m */ = {isa = PBXFileReference; fileEncoding = 4; lastKnownFileType = sourcecode.c.objc; name = Tasklist.m; path = Sources/Models/Tasklist.m; sourceTree = "<group>"; };
		18A92DBE15D2EDC200423A55 /* ModelHelper.h */ = {isa = PBXFileReference; fileEncoding = 4; lastKnownFileType = sourcecode.c.h; name = ModelHelper.h; path = Sources/Utils/ModelHelper.h; sourceTree = "<group>"; };
		18A92DBF15D2EDC200423A55 /* ModelHelper.m */ = {isa = PBXFileReference; fileEncoding = 4; lastKnownFileType = sourcecode.c.objc; name = ModelHelper.m; path = Sources/Utils/ModelHelper.m; sourceTree = "<group>"; };
		6A18E55116032A0000ED2042 /* Comment.h */ = {isa = PBXFileReference; fileEncoding = 4; lastKnownFileType = sourcecode.c.h; name = Comment.h; path = Sources/Models/Comment.h; sourceTree = "<group>"; };
		6A18E55216032A0000ED2042 /* Comment.m */ = {isa = PBXFileReference; fileEncoding = 4; lastKnownFileType = sourcecode.c.objc; name = Comment.m; path = Sources/Models/Comment.m; sourceTree = "<group>"; };
		6A18E55316032A0000ED2042 /* Project.h */ = {isa = PBXFileReference; fileEncoding = 4; lastKnownFileType = sourcecode.c.h; name = Project.h; path = Sources/Models/Project.h; sourceTree = "<group>"; };
		6A18E55416032A0000ED2042 /* Project.m */ = {isa = PBXFileReference; fileEncoding = 4; lastKnownFileType = sourcecode.c.objc; name = Project.m; path = Sources/Models/Project.m; sourceTree = "<group>"; };
		6A18E55716032A0000ED2042 /* Team.h */ = {isa = PBXFileReference; fileEncoding = 4; lastKnownFileType = sourcecode.c.h; name = Team.h; path = Sources/Models/Team.h; sourceTree = "<group>"; };
		6A18E55816032A0000ED2042 /* Team.m */ = {isa = PBXFileReference; fileEncoding = 4; lastKnownFileType = sourcecode.c.objc; name = Team.m; path = Sources/Models/Team.m; sourceTree = "<group>"; };
		6A18E55916032A0000ED2042 /* TeamMember.h */ = {isa = PBXFileReference; fileEncoding = 4; lastKnownFileType = sourcecode.c.h; name = TeamMember.h; path = Sources/Models/TeamMember.h; sourceTree = "<group>"; };
		6A18E55A16032A0000ED2042 /* TeamMember.m */ = {isa = PBXFileReference; fileEncoding = 4; lastKnownFileType = sourcecode.c.objc; name = TeamMember.m; path = Sources/Models/TeamMember.m; sourceTree = "<group>"; };
		6A84F29A16070AAC000B62CB /* Tag.h */ = {isa = PBXFileReference; fileEncoding = 4; lastKnownFileType = sourcecode.c.h; name = Tag.h; path = Sources/Models/Tag.h; sourceTree = "<group>"; };
		6A84F29B16070AAC000B62CB /* Tag.m */ = {isa = PBXFileReference; fileEncoding = 4; lastKnownFileType = sourcecode.c.objc; name = Tag.m; path = Sources/Models/Tag.m; sourceTree = "<group>"; };
/* End PBXFileReference section */

/* Begin PBXFrameworksBuildPhase section */
		1880B21415D22DAE00670DE6 /* Frameworks */ = {
			isa = PBXFrameworksBuildPhase;
			buildActionMask = 2147483647;
			files = (
				1880B21B15D22DAE00670DE6 /* Foundation.framework in Frameworks */,
			);
			runOnlyForDeploymentPostprocessing = 0;
		};
/* End PBXFrameworksBuildPhase section */

/* Begin PBXGroup section */
		1880B20C15D22DAE00670DE6 = {
			isa = PBXGroup;
			children = (
				1880B2B615D2377800670DE6 /* Dependencies */,
				1880B24715D22FC800670DE6 /* Sources */,
				1880B21915D22DAE00670DE6 /* Frameworks */,
				1880B21815D22DAE00670DE6 /* Products */,
			);
			sourceTree = "<group>";
		};
		1880B21815D22DAE00670DE6 /* Products */ = {
			isa = PBXGroup;
			children = (
				1880B21715D22DAE00670DE6 /* libCooperCore.a */,
			);
			name = Products;
			sourceTree = "<group>";
		};
		1880B21915D22DAE00670DE6 /* Frameworks */ = {
			isa = PBXGroup;
			children = (
				1880B21A15D22DAE00670DE6 /* Foundation.framework */,
			);
			name = Frameworks;
			sourceTree = "<group>";
		};
		1880B24715D22FC800670DE6 /* Sources */ = {
			isa = PBXGroup;
			children = (
				1891A60415D265C900C7E8DA /* Utils */,
				1880B2BF15D23A3600670DE6 /* Contexts */,
				1880B27215D231C500670DE6 /* CooperCore-Prefix.pch */,
				1880B24B15D2305C00670DE6 /* Models */,
			);
			name = Sources;
			sourceTree = "<group>";
		};
		1880B24B15D2305C00670DE6 /* Models */ = {
			isa = PBXGroup;
			children = (
				6A84F29A16070AAC000B62CB /* Tag.h */,
				6A84F29B16070AAC000B62CB /* Tag.m */,
				6A18E55116032A0000ED2042 /* Comment.h */,
				6A18E55216032A0000ED2042 /* Comment.m */,
				6A18E55316032A0000ED2042 /* Project.h */,
				6A18E55416032A0000ED2042 /* Project.m */,
				6A18E55716032A0000ED2042 /* Team.h */,
				6A18E55816032A0000ED2042 /* Team.m */,
				6A18E55916032A0000ED2042 /* TeamMember.h */,
				6A18E55A16032A0000ED2042 /* TeamMember.m */,
				18A92D8B15D2E5D600423A55 /* ChangeLog.h */,
				18A92D8C15D2E5D600423A55 /* ChangeLog.m */,
				18A92D8D15D2E5D600423A55 /* Task.h */,
				18A92D8E15D2E5D600423A55 /* Task.m */,
				18A92D8F15D2E5D600423A55 /* TaskIdx.h */,
				18A92D9015D2E5D600423A55 /* TaskIdx.m */,
				18A92D9115D2E5D600423A55 /* Tasklist.h */,
				18A92D9215D2E5D600423A55 /* Tasklist.m */,
			);
			name = Models;
			sourceTree = "<group>";
		};
		1880B2B615D2377800670DE6 /* Dependencies */ = {
			isa = PBXGroup;
			children = (
				1891A5E115D2571700C7E8DA /* CodesharpSDK.xcodeproj */,
			);
			name = Dependencies;
			sourceTree = "<group>";
		};
		1880B2BF15D23A3600670DE6 /* Contexts */ = {
			isa = PBXGroup;
			children = (
				1880B2C015D23A7A00670DE6 /* ContextManager.h */,
				1880B2C115D23A7A00670DE6 /* ContextManager.m */,
			);
			name = Contexts;
			sourceTree = "<group>";
		};
		1891A5E215D2571700C7E8DA /* Products */ = {
			isa = PBXGroup;
			children = (
				1891A5E615D2571800C7E8DA /* libCodesharpSDK.a */,
			);
			name = Products;
			sourceTree = "<group>";
		};
		1891A60415D265C900C7E8DA /* Utils */ = {
			isa = PBXGroup;
			children = (
				18A92DBE15D2EDC200423A55 /* ModelHelper.h */,
				18A92DBF15D2EDC200423A55 /* ModelHelper.m */,
				1891A62415D26A7300C7E8DA /* Constant.h */,
				1891A62515D26A7300C7E8DA /* Constant.m */,
				1891A62615D26A7300C7E8DA /* SysConfig.h */,
				1891A62715D26A7300C7E8DA /* SysConfig.m */,
			);
			name = Utils;
			sourceTree = "<group>";
		};
/* End PBXGroup section */

/* Begin PBXHeadersBuildPhase section */
		1880B21515D22DAE00670DE6 /* Headers */ = {
			isa = PBXHeadersBuildPhase;
			buildActionMask = 2147483647;
			files = (
				1880B27315D231C500670DE6 /* CooperCore-Prefix.pch in Headers */,
				1880B2C215D23A7A00670DE6 /* ContextManager.h in Headers */,
				1891A62815D26A7300C7E8DA /* Constant.h in Headers */,
				1891A62A15D26A7300C7E8DA /* SysConfig.h in Headers */,
				18A92D9315D2E5D600423A55 /* ChangeLog.h in Headers */,
				18A92D9515D2E5D600423A55 /* Task.h in Headers */,
				18A92D9715D2E5D600423A55 /* TaskIdx.h in Headers */,
				18A92D9915D2E5D600423A55 /* Tasklist.h in Headers */,
				18A92DC015D2EDC200423A55 /* ModelHelper.h in Headers */,
				6A18E55B16032A0000ED2042 /* Comment.h in Headers */,
				6A18E55D16032A0000ED2042 /* Project.h in Headers */,
				6A18E56116032A0000ED2042 /* Team.h in Headers */,
				6A18E56316032A0000ED2042 /* TeamMember.h in Headers */,
				6A84F29C16070AAC000B62CB /* Tag.h in Headers */,
			);
			runOnlyForDeploymentPostprocessing = 0;
		};
/* End PBXHeadersBuildPhase section */

/* Begin PBXNativeTarget section */
		1880B21615D22DAE00670DE6 /* CooperCore */ = {
			isa = PBXNativeTarget;
			buildConfigurationList = 1880B22415D22DAE00670DE6 /* Build configuration list for PBXNativeTarget "CooperCore" */;
			buildPhases = (
				1880B21315D22DAE00670DE6 /* Sources */,
				1880B21415D22DAE00670DE6 /* Frameworks */,
				1880B21515D22DAE00670DE6 /* Headers */,
			);
			buildRules = (
			);
			dependencies = (
				1891A5EA15D258FD00C7E8DA /* PBXTargetDependency */,
			);
			name = CooperCore;
			productName = CooperCore;
			productReference = 1880B21715D22DAE00670DE6 /* libCooperCore.a */;
			productType = "com.apple.product-type.library.static";
		};
/* End PBXNativeTarget section */

/* Begin PBXProject section */
		1880B20E15D22DAE00670DE6 /* Project object */ = {
			isa = PBXProject;
			attributes = {
				LastUpgradeCheck = 0430;
				ORGANIZATIONNAME = codesharp;
			};
			buildConfigurationList = 1880B21115D22DAE00670DE6 /* Build configuration list for PBXProject "CooperCore" */;
			compatibilityVersion = "Xcode 3.2";
			developmentRegion = English;
			hasScannedForEncodings = 0;
			knownRegions = (
				en,
			);
			mainGroup = 1880B20C15D22DAE00670DE6;
			productRefGroup = 1880B21815D22DAE00670DE6 /* Products */;
			projectDirPath = "";
			projectReferences = (
				{
					ProductGroup = 1891A5E215D2571700C7E8DA /* Products */;
					ProjectRef = 1891A5E115D2571700C7E8DA /* CodesharpSDK.xcodeproj */;
				},
			);
			projectRoot = "";
			targets = (
				1880B21615D22DAE00670DE6 /* CooperCore */,
			);
		};
/* End PBXProject section */

/* Begin PBXReferenceProxy section */
		1891A5E615D2571800C7E8DA /* libCodesharpSDK.a */ = {
			isa = PBXReferenceProxy;
			fileType = archive.ar;
			path = libCodesharpSDK.a;
			remoteRef = 1891A5E515D2571800C7E8DA /* PBXContainerItemProxy */;
			sourceTree = BUILT_PRODUCTS_DIR;
		};
/* End PBXReferenceProxy section */

/* Begin PBXSourcesBuildPhase section */
		1880B21315D22DAE00670DE6 /* Sources */ = {
			isa = PBXSourcesBuildPhase;
			buildActionMask = 2147483647;
			files = (
				1880B2C315D23A7A00670DE6 /* ContextManager.m in Sources */,
				1891A62915D26A7300C7E8DA /* Constant.m in Sources */,
				1891A62B15D26A7300C7E8DA /* SysConfig.m in Sources */,
				18A92D9415D2E5D600423A55 /* ChangeLog.m in Sources */,
				18A92D9615D2E5D600423A55 /* Task.m in Sources */,
				18A92D9815D2E5D600423A55 /* TaskIdx.m in Sources */,
				18A92D9A15D2E5D600423A55 /* Tasklist.m in Sources */,
				18A92DC115D2EDC200423A55 /* ModelHelper.m in Sources */,
				6A18E55C16032A0000ED2042 /* Comment.m in Sources */,
				6A18E55E16032A0000ED2042 /* Project.m in Sources */,
				6A18E56216032A0000ED2042 /* Team.m in Sources */,
				6A18E56416032A0000ED2042 /* TeamMember.m in Sources */,
				6A84F29D16070AAC000B62CB /* Tag.m in Sources */,
			);
			runOnlyForDeploymentPostprocessing = 0;
		};
/* End PBXSourcesBuildPhase section */

/* Begin PBXTargetDependency section */
		1891A5EA15D258FD00C7E8DA /* PBXTargetDependency */ = {
			isa = PBXTargetDependency;
			name = CodesharpSDK;
			targetProxy = 1891A5E915D258FD00C7E8DA /* PBXContainerItemProxy */;
		};
/* End PBXTargetDependency section */

/* Begin XCBuildConfiguration section */
		1880B22215D22DAE00670DE6 /* Debug */ = {
			isa = XCBuildConfiguration;
			buildSettings = {
				ALWAYS_SEARCH_USER_PATHS = NO;
				ARCHS = "$(ARCHS_STANDARD_32_BIT)";
				COPY_PHASE_STRIP = NO;
				GCC_C_LANGUAGE_STANDARD = gnu99;
				GCC_DYNAMIC_NO_PIC = NO;
				GCC_OPTIMIZATION_LEVEL = 0;
				GCC_PREPROCESSOR_DEFINITIONS = (
					"DEBUG=1",
					"$(inherited)",
				);
				GCC_SYMBOLS_PRIVATE_EXTERN = NO;
				GCC_VERSION = com.apple.compilers.llvm.clang.1_0;
				GCC_WARN_ABOUT_RETURN_TYPE = YES;
				GCC_WARN_UNINITIALIZED_AUTOS = YES;
				GCC_WARN_UNUSED_VARIABLE = YES;
				IPHONEOS_DEPLOYMENT_TARGET = 4.0;
				SDKROOT = iphoneos;
			};
			name = Debug;
		};
		1880B22315D22DAE00670DE6 /* Release */ = {
			isa = XCBuildConfiguration;
			buildSettings = {
				ALWAYS_SEARCH_USER_PATHS = NO;
				ARCHS = "$(ARCHS_STANDARD_32_BIT)";
				COPY_PHASE_STRIP = YES;
				GCC_C_LANGUAGE_STANDARD = gnu99;
				GCC_VERSION = com.apple.compilers.llvm.clang.1_0;
				GCC_WARN_ABOUT_RETURN_TYPE = YES;
				GCC_WARN_UNINITIALIZED_AUTOS = YES;
				GCC_WARN_UNUSED_VARIABLE = YES;
				IPHONEOS_DEPLOYMENT_TARGET = 4.0;
				SDKROOT = iphoneos;
				VALIDATE_PRODUCT = YES;
			};
			name = Release;
		};
		1880B22515D22DAE00670DE6 /* Debug */ = {
			isa = XCBuildConfiguration;
			buildSettings = {
				ALWAYS_SEARCH_USER_PATHS = NO;
				DSTROOT = /tmp/CooperCore.dst;
				GCC_PRECOMPILE_PREFIX_HEADER = YES;
				GCC_PREFIX_HEADER = "Sources/CooperCore-Prefix.pch";
				HEADER_SEARCH_PATHS = "(BUILT_PRODUCTS_DIR)/**";
				INSTALL_PATH = "$(BUILT_PRODUCTS_DIR)";
				OTHER_LDFLAGS = "-ObjC";
				PRODUCT_NAME = "$(TARGET_NAME)";
				PUBLIC_HEADERS_FOLDER_PATH = "$(TARGET_NAME)";
				SCAN_ALL_SOURCE_FILES_FOR_INCLUDES = NO;
				SKIP_INSTALL = YES;
				USER_HEADER_SEARCH_PATHS = "\"$(BUILD_ROOT)/../IntermediateBuildFilesPath/UninstalledProducts\" $(BUILT_PRODUCTS_DIR)";
			};
			name = Debug;
		};
		1880B22615D22DAE00670DE6 /* Release */ = {
			isa = XCBuildConfiguration;
			buildSettings = {
				ALWAYS_SEARCH_USER_PATHS = NO;
				DSTROOT = /tmp/CooperCore.dst;
				GCC_PRECOMPILE_PREFIX_HEADER = YES;
				GCC_PREFIX_HEADER = "Sources/CooperCore-Prefix.pch";
				HEADER_SEARCH_PATHS = "(BUILT_PRODUCTS_DIR)/**";
				INSTALL_PATH = "$(BUILT_PRODUCTS_DIR)";
				OTHER_LDFLAGS = "-ObjC";
				PRODUCT_NAME = "$(TARGET_NAME)";
				PUBLIC_HEADERS_FOLDER_PATH = "$(TARGET_NAME)";
				SCAN_ALL_SOURCE_FILES_FOR_INCLUDES = NO;
				SKIP_INSTALL = YES;
				USER_HEADER_SEARCH_PATHS = "\"$(BUILD_ROOT)/../IntermediateBuildFilesPath/UninstalledProducts\" $(BUILT_PRODUCTS_DIR)";
			};
			name = Release;
		};
/* End XCBuildConfiguration section */

/* Begin XCConfigurationList section */
		1880B21115D22DAE00670DE6 /* Build configuration list for PBXProject "CooperCore" */ = {
			isa = XCConfigurationList;
			buildConfigurations = (
				1880B22215D22DAE00670DE6 /* Debug */,
				1880B22315D22DAE00670DE6 /* Release */,
			);
			defaultConfigurationIsVisible = 0;
			defaultConfigurationName = Release;
		};
		1880B22415D22DAE00670DE6 /* Build configuration list for PBXNativeTarget "CooperCore" */ = {
			isa = XCConfigurationList;
			buildConfigurations = (
				1880B22515D22DAE00670DE6 /* Debug */,
				1880B22615D22DAE00670DE6 /* Release */,
			);
			defaultConfigurationIsVisible = 0;
			defaultConfigurationName = Release;
		};
/* End XCConfigurationList section */
	};
	rootObject = 1880B20E15D22DAE00670DE6 /* Project object */;
}
